
Microsoft Visual Studio Solution File, Format Version 12.00
# Visual Studio 15
VisualStudioVersion = 15.0.28307.421
MinimumVisualStudioVersion = 10.0.40219.1
Project("{FAE04EC0-301F-11D3-BF4B-00C04F79EFBC}") = "ClairG.TableTennisForYou.WebApp", "ClairG.TableTennisForYou.WebApp\ClairG.TableTennisForYou.WebApp.csproj", "{1C154231-72F2-4C10-A583-94CBA9BB7EE8}"
EndProject
Global
	GlobalSection(SolutionConfigurationPlatforms) = preSolution
		Debug|Any CPU = Debug|Any CPU
		Release|Any CPU = Release|Any CPU
	EndGlobalSection
	GlobalSection(ProjectConfigurationPlatforms) = postSolution
		{1C154231-72F2-4C10-A583-94CBA9BB7EE8}.Debug|Any CPU.ActiveCfg = Debug|Any CPU
		{1C154231-72F2-4C10-A583-94CBA9BB7EE8}.Debug|Any CPU.Build.0 = Debug|Any CPU
		{1C154231-72F2-4C10-A583-94CBA9BB7EE8}.Release|Any CPU.ActiveCfg = Release|Any CPU
		{1C154231-72F2-4C10-A583-94CBA9BB7EE8}.Release|Any CPU.Build.0 = Release|Any CPU
	EndGlobalSection
	GlobalSection(SolutionProperties) = preSolution
		HideSolutionNode = FALSE
	EndGlobalSection
	GlobalSection(ExtensibilityGlobals) = postSolution
		SolutionGuid = {BA6E6506-9F13-4EAF-84A6-01891C1F343F}
	EndGlobalSection
EndGlobal
